
Microsoft Visual Studio Solution File, Format Version 12.00
# Visual Studio Version 17
VisualStudioVersion = 17.4.33213.308
MinimumVisualStudioVersion = 10.0.40219.1
Project("{FAE04EC0-301F-11D3-BF4B-00C04F79EFBC}") = "Medical records", "Medical records\Medical records.csproj", "{9BC720A6-E63E-4E05-B5D7-4620C416BF78}"
EndProject
Global
	GlobalSection(SolutionConfigurationPlatforms) = preSolution
		Debug|Any CPU = Debug|Any CPU
		Release|Any CPU = Release|Any CPU
	EndGlobalSection
	GlobalSection(ProjectConfigurationPlatforms) = postSolution
		{9BC720A6-E63E-4E05-B5D7-4620C416BF78}.Debug|Any CPU.ActiveCfg = Debug|Any CPU
		{9BC720A6-E63E-4E05-B5D7-4620C416BF78}.Debug|Any CPU.Build.0 = Debug|Any CPU
		{9BC720A6-E63E-4E05-B5D7-4620C416BF78}.Release|Any CPU.ActiveCfg = Release|Any CPU
		{9BC720A6-E63E-4E05-B5D7-4620C416BF78}.Release|Any CPU.Build.0 = Release|Any CPU
	EndGlobalSection
	GlobalSection(SolutionProperties) = preSolution
		HideSolutionNode = FALSE
	EndGlobalSection
	GlobalSection(ExtensibilityGlobals) = postSolution
		SolutionGuid = {4461CFFB-4EDF-4B49-861E-19EA5FC92B9E}
	EndGlobalSection
EndGlobal
